
Microsoft Visual Studio Solution File, Format Version 12.00
# Visual Studio Version 17
VisualStudioVersion = 17.7.34003.232
MinimumVisualStudioVersion = 10.0.40219.1
Project("{FAE04EC0-301F-11D3-BF4B-00C04F79EFBC}") = "13.Switch Stateements Program", "13.Switch Stateements Program\13.Switch Stateements Program.csproj", "{DC2EC6CF-66E8-4B35-A703-7FF12024BA5F}"
EndProject
Global
	GlobalSection(SolutionConfigurationPlatforms) = preSolution
		Debug|Any CPU = Debug|Any CPU
		Release|Any CPU = Release|Any CPU
	EndGlobalSection
	GlobalSection(ProjectConfigurationPlatforms) = postSolution
		{DC2EC6CF-66E8-4B35-A703-7FF12024BA5F}.Debug|Any CPU.ActiveCfg = Debug|Any CPU
		{DC2EC6CF-66E8-4B35-A703-7FF12024BA5F}.Debug|Any CPU.Build.0 = Debug|Any CPU
		{DC2EC6CF-66E8-4B35-A703-7FF12024BA5F}.Release|Any CPU.ActiveCfg = Release|Any CPU
		{DC2EC6CF-66E8-4B35-A703-7FF12024BA5F}.Release|Any CPU.Build.0 = Release|Any CPU
	EndGlobalSection
	GlobalSection(SolutionProperties) = preSolution
		HideSolutionNode = FALSE
	EndGlobalSection
	GlobalSection(ExtensibilityGlobals) = postSolution
		SolutionGuid = {7DB5764B-FC7A-40ED-8E96-58740C29E688}
	EndGlobalSection
EndGlobal
