
Microsoft Visual Studio Solution File, Format Version 12.00
# Visual Studio Version 17
VisualStudioVersion = 17.7.34003.232
MinimumVisualStudioVersion = 10.0.40219.1
Project("{FAE04EC0-301F-11D3-BF4B-00C04F79EFBC}") = "loan calculator", "loan calculator\loan calculator.csproj", "{7C805898-45B5-4B2D-B738-7F4A5C869CD9}"
EndProject
Global
	GlobalSection(SolutionConfigurationPlatforms) = preSolution
		Debug|Any CPU = Debug|Any CPU
		Release|Any CPU = Release|Any CPU
	EndGlobalSection
	GlobalSection(ProjectConfigurationPlatforms) = postSolution
		{7C805898-45B5-4B2D-B738-7F4A5C869CD9}.Debug|Any CPU.ActiveCfg = Debug|Any CPU
		{7C805898-45B5-4B2D-B738-7F4A5C869CD9}.Debug|Any CPU.Build.0 = Debug|Any CPU
		{7C805898-45B5-4B2D-B738-7F4A5C869CD9}.Release|Any CPU.ActiveCfg = Release|Any CPU
		{7C805898-45B5-4B2D-B738-7F4A5C869CD9}.Release|Any CPU.Build.0 = Release|Any CPU
	EndGlobalSection
	GlobalSection(SolutionProperties) = preSolution
		HideSolutionNode = FALSE
	EndGlobalSection
	GlobalSection(ExtensibilityGlobals) = postSolution
		SolutionGuid = {0698F2D7-2D50-4832-8BE9-19147A5B2106}
	EndGlobalSection
EndGlobal
