
Microsoft Visual Studio Solution File, Format Version 12.00
# Visual Studio Version 17
VisualStudioVersion = 17.7.34003.232
MinimumVisualStudioVersion = 10.0.40219.1
Project("{FAE04EC0-301F-11D3-BF4B-00C04F79EFBC}") = "loan calculator1", "loan calculator1\loan calculator1.csproj", "{FC0274A3-B4EE-4F5F-933A-5A6CA844BB23}"
EndProject
Global
	GlobalSection(SolutionConfigurationPlatforms) = preSolution
		Debug|Any CPU = Debug|Any CPU
		Release|Any CPU = Release|Any CPU
	EndGlobalSection
	GlobalSection(ProjectConfigurationPlatforms) = postSolution
		{FC0274A3-B4EE-4F5F-933A-5A6CA844BB23}.Debug|Any CPU.ActiveCfg = Debug|Any CPU
		{FC0274A3-B4EE-4F5F-933A-5A6CA844BB23}.Debug|Any CPU.Build.0 = Debug|Any CPU
		{FC0274A3-B4EE-4F5F-933A-5A6CA844BB23}.Release|Any CPU.ActiveCfg = Release|Any CPU
		{FC0274A3-B4EE-4F5F-933A-5A6CA844BB23}.Release|Any CPU.Build.0 = Release|Any CPU
	EndGlobalSection
	GlobalSection(SolutionProperties) = preSolution
		HideSolutionNode = FALSE
	EndGlobalSection
	GlobalSection(ExtensibilityGlobals) = postSolution
		SolutionGuid = {2507EFFE-1AC5-42E1-A7B5-14F69D52769B}
	EndGlobalSection
EndGlobal
